
Microsoft Visual Studio Solution File, Format Version 12.00
# Visual Studio Version 17
VisualStudioVersion = 17.8.34322.80
MinimumVisualStudioVersion = 10.0.40219.1
Project("{FAE04EC0-301F-11D3-BF4B-00C04F79EFBC}") = "4335_SDT", "4335_SDT.csproj", "{B928FCC2-2F22-4BD7-A294-E6D4EF7C8C6F}"
EndProject
Global
	GlobalSection(SolutionConfigurationPlatforms) = preSolution
		Debug|Any CPU = Debug|Any CPU
		Release|Any CPU = Release|Any CPU
	EndGlobalSection
	GlobalSection(ProjectConfigurationPlatforms) = postSolution
		{B928FCC2-2F22-4BD7-A294-E6D4EF7C8C6F}.Debug|Any CPU.ActiveCfg = Debug|Any CPU
		{B928FCC2-2F22-4BD7-A294-E6D4EF7C8C6F}.Debug|Any CPU.Build.0 = Debug|Any CPU
		{B928FCC2-2F22-4BD7-A294-E6D4EF7C8C6F}.Release|Any CPU.ActiveCfg = Release|Any CPU
		{B928FCC2-2F22-4BD7-A294-E6D4EF7C8C6F}.Release|Any CPU.Build.0 = Release|Any CPU
	EndGlobalSection
	GlobalSection(SolutionProperties) = preSolution
		HideSolutionNode = FALSE
	EndGlobalSection
	GlobalSection(ExtensibilityGlobals) = postSolution
		SolutionGuid = {702C986E-A612-46F2-8147-57A621474420}
	EndGlobalSection
EndGlobal
